
Microsoft Visual Studio Solution File, Format Version 12.00
# Visual Studio Version 16
VisualStudioVersion = 16.0.29911.84
MinimumVisualStudioVersion = 10.0.40219.1
Project("{FAE04EC0-301F-11D3-BF4B-00C04F79EFBC}") = "Assignment1_3_3", "Assignment1_3_3.csproj", "{0F64F9DE-946F-4371-9BD7-655A524D7381}"
EndProject
Global
	GlobalSection(SolutionConfigurationPlatforms) = preSolution
		Debug|Any CPU = Debug|Any CPU
		Release|Any CPU = Release|Any CPU
	EndGlobalSection
	GlobalSection(ProjectConfigurationPlatforms) = postSolution
		{0F64F9DE-946F-4371-9BD7-655A524D7381}.Debug|Any CPU.ActiveCfg = Debug|Any CPU
		{0F64F9DE-946F-4371-9BD7-655A524D7381}.Debug|Any CPU.Build.0 = Debug|Any CPU
		{0F64F9DE-946F-4371-9BD7-655A524D7381}.Release|Any CPU.ActiveCfg = Release|Any CPU
		{0F64F9DE-946F-4371-9BD7-655A524D7381}.Release|Any CPU.Build.0 = Release|Any CPU
	EndGlobalSection
	GlobalSection(SolutionProperties) = preSolution
		HideSolutionNode = FALSE
	EndGlobalSection
	GlobalSection(ExtensibilityGlobals) = postSolution
		SolutionGuid = {80C9EEC1-3D92-4D64-A2E2-2673ABDCA546}
	EndGlobalSection
EndGlobal
