
Microsoft Visual Studio Solution File, Format Version 12.00
# Visual Studio Version 16
VisualStudioVersion = 16.0.29911.84
MinimumVisualStudioVersion = 10.0.40219.1
Project("{FAE04EC0-301F-11D3-BF4B-00C04F79EFBC}") = "Assignment1_3_4", "Assignment1_3_4.csproj", "{693FE8D1-8AC1-4109-8259-5B774F188CDB}"
EndProject
Global
	GlobalSection(SolutionConfigurationPlatforms) = preSolution
		Debug|Any CPU = Debug|Any CPU
		Release|Any CPU = Release|Any CPU
	EndGlobalSection
	GlobalSection(ProjectConfigurationPlatforms) = postSolution
		{693FE8D1-8AC1-4109-8259-5B774F188CDB}.Debug|Any CPU.ActiveCfg = Debug|Any CPU
		{693FE8D1-8AC1-4109-8259-5B774F188CDB}.Debug|Any CPU.Build.0 = Debug|Any CPU
		{693FE8D1-8AC1-4109-8259-5B774F188CDB}.Release|Any CPU.ActiveCfg = Release|Any CPU
		{693FE8D1-8AC1-4109-8259-5B774F188CDB}.Release|Any CPU.Build.0 = Release|Any CPU
	EndGlobalSection
	GlobalSection(SolutionProperties) = preSolution
		HideSolutionNode = FALSE
	EndGlobalSection
	GlobalSection(ExtensibilityGlobals) = postSolution
		SolutionGuid = {12FA6588-EE75-4486-8324-00A237269491}
	EndGlobalSection
EndGlobal
